
Microsoft Visual Studio Solution File, Format Version 12.00
# Visual Studio 2013
VisualStudioVersion = 12.0.31101.0
MinimumVisualStudioVersion = 10.0.40219.1
Project("{8BC9CEB8-8B4A-11D0-8D11-00A0C91BC942}") = "DRM", "DRM\DRM.vcxproj", "{DA7A1125-1A5A-4FC4-B991-0E57FAF7B85B}"
EndProject
Global
	GlobalSection(SolutionConfigurationPlatforms) = preSolution
		Debug|Win32 = Debug|Win32
		Release|Win32 = Release|Win32
		TR7 PC-W|Win32 = TR7 PC-W|Win32
		TR7 PS2-W|Win32 = TR7 PS2-W|Win32
		TR7 PS3-W|Win32 = TR7 PS3-W|Win32
		TR7 XENON-W|Win32 = TR7 XENON-W|Win32
		TR8 PC-W|Win32 = TR8 PC-W|Win32
		TR8 PS2-W|Win32 = TR8 PS2-W|Win32
		TR8 PS3-W|Win32 = TR8 PS3-W|Win32
		TR8 WII-W|Win32 = TR8 WII-W|Win32
		TR8 XENON-W|Win32 = TR8 XENON-W|Win32
	EndGlobalSection
	GlobalSection(ProjectConfigurationPlatforms) = postSolution
		{DA7A1125-1A5A-4FC4-B991-0E57FAF7B85B}.Debug|Win32.ActiveCfg = Debug|Win32
		{DA7A1125-1A5A-4FC4-B991-0E57FAF7B85B}.Debug|Win32.Build.0 = Debug|Win32
		{DA7A1125-1A5A-4FC4-B991-0E57FAF7B85B}.Release|Win32.ActiveCfg = Release|Win32
		{DA7A1125-1A5A-4FC4-B991-0E57FAF7B85B}.Release|Win32.Build.0 = Release|Win32
		{DA7A1125-1A5A-4FC4-B991-0E57FAF7B85B}.TR7 PC-W|Win32.ActiveCfg = TR7 PC-W|Win32
		{DA7A1125-1A5A-4FC4-B991-0E57FAF7B85B}.TR7 PC-W|Win32.Build.0 = TR7 PC-W|Win32
		{DA7A1125-1A5A-4FC4-B991-0E57FAF7B85B}.TR7 PS2-W|Win32.ActiveCfg = TR7 PS2-W|Win32
		{DA7A1125-1A5A-4FC4-B991-0E57FAF7B85B}.TR7 PS2-W|Win32.Build.0 = TR7 PS2-W|Win32
		{DA7A1125-1A5A-4FC4-B991-0E57FAF7B85B}.TR7 PS3-W|Win32.ActiveCfg = TR7 PS3-W|Win32
		{DA7A1125-1A5A-4FC4-B991-0E57FAF7B85B}.TR7 PS3-W|Win32.Build.0 = TR7 PS3-W|Win32
		{DA7A1125-1A5A-4FC4-B991-0E57FAF7B85B}.TR7 XENON-W|Win32.ActiveCfg = TR7 XENON-W|Win32
		{DA7A1125-1A5A-4FC4-B991-0E57FAF7B85B}.TR7 XENON-W|Win32.Build.0 = TR7 XENON-W|Win32
		{DA7A1125-1A5A-4FC4-B991-0E57FAF7B85B}.TR8 PC-W|Win32.ActiveCfg = TR8 PC-W|Win32
		{DA7A1125-1A5A-4FC4-B991-0E57FAF7B85B}.TR8 PC-W|Win32.Build.0 = TR8 PC-W|Win32
		{DA7A1125-1A5A-4FC4-B991-0E57FAF7B85B}.TR8 PS2-W|Win32.ActiveCfg = TR8 PS2-W|Win32
		{DA7A1125-1A5A-4FC4-B991-0E57FAF7B85B}.TR8 PS2-W|Win32.Build.0 = TR8 PS2-W|Win32
		{DA7A1125-1A5A-4FC4-B991-0E57FAF7B85B}.TR8 PS3-W|Win32.ActiveCfg = TR8 PS3-W|Win32
		{DA7A1125-1A5A-4FC4-B991-0E57FAF7B85B}.TR8 PS3-W|Win32.Build.0 = TR8 PS3-W|Win32
		{DA7A1125-1A5A-4FC4-B991-0E57FAF7B85B}.TR8 WII-W|Win32.ActiveCfg = TR8 WII-W|Win32
		{DA7A1125-1A5A-4FC4-B991-0E57FAF7B85B}.TR8 WII-W|Win32.Build.0 = TR8 WII-W|Win32
		{DA7A1125-1A5A-4FC4-B991-0E57FAF7B85B}.TR8 XENON-W|Win32.ActiveCfg = TR8 XENON-W|Win32
		{DA7A1125-1A5A-4FC4-B991-0E57FAF7B85B}.TR8 XENON-W|Win32.Build.0 = TR8 XENON-W|Win32
	EndGlobalSection
	GlobalSection(SolutionProperties) = preSolution
		HideSolutionNode = FALSE
	EndGlobalSection
EndGlobal
